
Microsoft Visual Studio Solution File, Format Version 12.00
# Visual Studio 15
Project("{FAE04EC0-301F-11D3-BF4B-00C04F79EFBC}") = "Assembly-CSharp", "Assembly-CSharp.csproj", "{644958D3-F0F1-8F91-9212-8292170B5CB3}"
EndProject
Project("{FAE04EC0-301F-11D3-BF4B-00C04F79EFBC}") = "Assembly-CSharp-Editor", "Assembly-CSharp-Editor.csproj", "{6C19CBB9-6F6E-F7E8-7370-231003D7AA62}"
EndProject
Global
	GlobalSection(SolutionConfigurationPlatforms) = preSolution
		Debug|Any CPU = Debug|Any CPU
		Release|Any CPU = Release|Any CPU
	EndGlobalSection
	GlobalSection(ProjectConfigurationPlatforms) = postSolution
		{644958D3-F0F1-8F91-9212-8292170B5CB3}.Debug|Any CPU.ActiveCfg = Debug|Any CPU
		{644958D3-F0F1-8F91-9212-8292170B5CB3}.Debug|Any CPU.Build.0 = Debug|Any CPU
		{644958D3-F0F1-8F91-9212-8292170B5CB3}.Release|Any CPU.ActiveCfg = Release|Any CPU
		{644958D3-F0F1-8F91-9212-8292170B5CB3}.Release|Any CPU.Build.0 = Release|Any CPU
		{6C19CBB9-6F6E-F7E8-7370-231003D7AA62}.Debug|Any CPU.ActiveCfg = Debug|Any CPU
		{6C19CBB9-6F6E-F7E8-7370-231003D7AA62}.Debug|Any CPU.Build.0 = Debug|Any CPU
		{6C19CBB9-6F6E-F7E8-7370-231003D7AA62}.Release|Any CPU.ActiveCfg = Release|Any CPU
		{6C19CBB9-6F6E-F7E8-7370-231003D7AA62}.Release|Any CPU.Build.0 = Release|Any CPU
	EndGlobalSection
	GlobalSection(SolutionProperties) = preSolution
		HideSolutionNode = FALSE
	EndGlobalSection
EndGlobal
